
Microsoft Visual Studio Solution File, Format Version 12.00
# Visual Studio Version 17
VisualStudioVersion = 17.10.35027.167
MinimumVisualStudioVersion = 10.0.40219.1
Project("{9A19103F-16F7-4668-BE54-9A1E7A4F7556}") = "ChatApplication.ServerUI", "ChatApplication.ServerUI.csproj", "{98575D4F-ABCB-4E91-AFA6-556E0B4010A4}"
EndProject
Project("{9A19103F-16F7-4668-BE54-9A1E7A4F7556}") = "ChatApplication.ClientUI", "..\ClientForm\ChatApplication.ClientUI.csproj", "{4463632E-2895-40AA-B61B-7D93E6ACD860}"
EndProject
Project("{9A19103F-16F7-4668-BE54-9A1E7A4F7556}") = "ChatApplication.BusinessLogic", "..\BusinessLogic\ChatApplication.BusinessLogic.csproj", "{1E30A806-E4E6-4C17-A690-D38051482EC1}"
EndProject
Project("{FAE04EC0-301F-11D3-BF4B-00C04F79EFBC}") = "ChatApplication.Domain", "..\ChatApplication.Domain\ChatApplication.Domain.csproj", "{27C05B20-4BFD-4645-8074-C600B5CA5DF1}"
EndProject
Global
	GlobalSection(SolutionConfigurationPlatforms) = preSolution
		Debug|Any CPU = Debug|Any CPU
		Release|Any CPU = Release|Any CPU
	EndGlobalSection
	GlobalSection(ProjectConfigurationPlatforms) = postSolution
		{98575D4F-ABCB-4E91-AFA6-556E0B4010A4}.Debug|Any CPU.ActiveCfg = Debug|Any CPU
		{98575D4F-ABCB-4E91-AFA6-556E0B4010A4}.Debug|Any CPU.Build.0 = Debug|Any CPU
		{98575D4F-ABCB-4E91-AFA6-556E0B4010A4}.Release|Any CPU.ActiveCfg = Release|Any CPU
		{98575D4F-ABCB-4E91-AFA6-556E0B4010A4}.Release|Any CPU.Build.0 = Release|Any CPU
		{4463632E-2895-40AA-B61B-7D93E6ACD860}.Debug|Any CPU.ActiveCfg = Debug|Any CPU
		{4463632E-2895-40AA-B61B-7D93E6ACD860}.Debug|Any CPU.Build.0 = Debug|Any CPU
		{4463632E-2895-40AA-B61B-7D93E6ACD860}.Release|Any CPU.ActiveCfg = Release|Any CPU
		{4463632E-2895-40AA-B61B-7D93E6ACD860}.Release|Any CPU.Build.0 = Release|Any CPU
		{1E30A806-E4E6-4C17-A690-D38051482EC1}.Debug|Any CPU.ActiveCfg = Debug|Any CPU
		{1E30A806-E4E6-4C17-A690-D38051482EC1}.Debug|Any CPU.Build.0 = Debug|Any CPU
		{1E30A806-E4E6-4C17-A690-D38051482EC1}.Release|Any CPU.ActiveCfg = Release|Any CPU
		{1E30A806-E4E6-4C17-A690-D38051482EC1}.Release|Any CPU.Build.0 = Release|Any CPU
		{27C05B20-4BFD-4645-8074-C600B5CA5DF1}.Debug|Any CPU.ActiveCfg = Debug|Any CPU
		{27C05B20-4BFD-4645-8074-C600B5CA5DF1}.Debug|Any CPU.Build.0 = Debug|Any CPU
		{27C05B20-4BFD-4645-8074-C600B5CA5DF1}.Release|Any CPU.ActiveCfg = Release|Any CPU
		{27C05B20-4BFD-4645-8074-C600B5CA5DF1}.Release|Any CPU.Build.0 = Release|Any CPU
	EndGlobalSection
	GlobalSection(SolutionProperties) = preSolution
		HideSolutionNode = FALSE
	EndGlobalSection
	GlobalSection(ExtensibilityGlobals) = postSolution
		SolutionGuid = {81AEBEFA-8ACF-4DE5-A3BE-53A48203FD41}
	EndGlobalSection
EndGlobal
